
Microsoft Visual Studio Solution File, Format Version 12.00
# Visual Studio Version 17
VisualStudioVersion = 17.7.34221.43
MinimumVisualStudioVersion = 10.0.40219.1
Project("{FAE04EC0-301F-11D3-BF4B-00C04F79EFBC}") = "commify-test-task.Server", "Server\commify-test-task.Server.csproj", "{52E8D547-8D52-4B7D-AC69-EB164A9BA26E}"
EndProject
Project("{FAE04EC0-301F-11D3-BF4B-00C04F79EFBC}") = "commify-test-task.Client", "Client\commify-test-task.Client.csproj", "{2FD4AB8D-F084-44B2-A367-73B51D76BED8}"
EndProject
Project("{FAE04EC0-301F-11D3-BF4B-00C04F79EFBC}") = "commify-test-task.Shared", "Shared\commify-test-task.Shared.csproj", "{50B35F61-91E5-4780-933F-34F64EA4A0A6}"
EndProject
Global
	GlobalSection(SolutionConfigurationPlatforms) = preSolution
		Debug|Any CPU = Debug|Any CPU
		Release|Any CPU = Release|Any CPU
	EndGlobalSection
	GlobalSection(ProjectConfigurationPlatforms) = postSolution
		{52E8D547-8D52-4B7D-AC69-EB164A9BA26E}.Debug|Any CPU.ActiveCfg = Debug|Any CPU
		{52E8D547-8D52-4B7D-AC69-EB164A9BA26E}.Debug|Any CPU.Build.0 = Debug|Any CPU
		{52E8D547-8D52-4B7D-AC69-EB164A9BA26E}.Release|Any CPU.ActiveCfg = Release|Any CPU
		{52E8D547-8D52-4B7D-AC69-EB164A9BA26E}.Release|Any CPU.Build.0 = Release|Any CPU
		{2FD4AB8D-F084-44B2-A367-73B51D76BED8}.Debug|Any CPU.ActiveCfg = Debug|Any CPU
		{2FD4AB8D-F084-44B2-A367-73B51D76BED8}.Debug|Any CPU.Build.0 = Debug|Any CPU
		{2FD4AB8D-F084-44B2-A367-73B51D76BED8}.Release|Any CPU.ActiveCfg = Release|Any CPU
		{2FD4AB8D-F084-44B2-A367-73B51D76BED8}.Release|Any CPU.Build.0 = Release|Any CPU
		{50B35F61-91E5-4780-933F-34F64EA4A0A6}.Debug|Any CPU.ActiveCfg = Debug|Any CPU
		{50B35F61-91E5-4780-933F-34F64EA4A0A6}.Debug|Any CPU.Build.0 = Debug|Any CPU
		{50B35F61-91E5-4780-933F-34F64EA4A0A6}.Release|Any CPU.ActiveCfg = Release|Any CPU
		{50B35F61-91E5-4780-933F-34F64EA4A0A6}.Release|Any CPU.Build.0 = Release|Any CPU
	EndGlobalSection
	GlobalSection(SolutionProperties) = preSolution
		HideSolutionNode = FALSE
	EndGlobalSection
	GlobalSection(ExtensibilityGlobals) = postSolution
		SolutionGuid = {30DB09D6-713C-435D-ACF4-52E9D8FCD60C}
	EndGlobalSection
EndGlobal
